// !$*UTF8*$!
{
	archiveVersion = 1;
	classes = {
	};
	objectVersion = 56;
	objects = {

/* Begin PBXBuildFile section */
		859C18462BD28F3D00123DEF /* AppDelegate.swift in Sources */ = {isa = PBXBuildFile; fileRef = 859C18452BD28F3D00123DEF /* AppDelegate.swift */; };
		859C18482BD28F3D00123DEF /* SceneDelegate.swift in Sources */ = {isa = PBXBuildFile; fileRef = 859C18472BD28F3D00123DEF /* SceneDelegate.swift */; };
		859C184A2BD28F3D00123DEF /* ViewController.swift in Sources */ = {isa = PBXBuildFile; fileRef = 859C18492BD28F3D00123DEF /* ViewController.swift */; };
		859C184F2BD28F4000123DEF /* Assets.xcassets in Resources */ = {isa = PBXBuildFile; fileRef = 859C184E2BD28F4000123DEF /* Assets.xcassets */; };
		859C18522BD28F4000123DEF /* Base in Resources */ = {isa = PBXBuildFile; fileRef = 859C18512BD28F4000123DEF /* Base */; };
		859C185A2BD2982500123DEF /* NewsCell.swift in Sources */ = {isa = PBXBuildFile; fileRef = 859C18592BD2982500123DEF /* NewsCell.swift */; };
		859C185E2BD29F9500123DEF /* ImediNewsModel.swift in Sources */ = {isa = PBXBuildFile; fileRef = 859C185D2BD29F9500123DEF /* ImediNewsModel.swift */; };
		859C18602BD29FE300123DEF /* Network.swift in Sources */ = {isa = PBXBuildFile; fileRef = 859C185F2BD29FE300123DEF /* Network.swift */; };
		859C18622BD2C5FF00123DEF /* FiraGO-Regular.ttf in Resources */ = {isa = PBXBuildFile; fileRef = 859C18612BD2C5FE00123DEF /* FiraGO-Regular.ttf */; };
		859C18642BD2C63800123DEF /* SpaceGrotesk-Regular.ttf in Resources */ = {isa = PBXBuildFile; fileRef = 859C18632BD2C63800123DEF /* SpaceGrotesk-Regular.ttf */; };
		859C18662BD2CBF300123DEF /* FiraGO-Bold.ttf in Resources */ = {isa = PBXBuildFile; fileRef = 859C18652BD2CBF300123DEF /* FiraGO-Bold.ttf */; };
		859C186C2BD2D4CD00123DEF /* DetailsViewController.swift in Sources */ = {isa = PBXBuildFile; fileRef = 859C186B2BD2D4CD00123DEF /* DetailsViewController.swift */; };
/* End PBXBuildFile section */

/* Begin PBXFileReference section */
		859C18422BD28F3D00123DEF /* ვებ სერვისებთან კომუნიკაცია.app */ = {isa = PBXFileReference; explicitFileType = wrapper.application; includeInIndex = 0; path = "ვებ სერვისებთან კომუნიკაცია.app"; sourceTree = BUILT_PRODUCTS_DIR; };
		859C18452BD28F3D00123DEF /* AppDelegate.swift */ = {isa = PBXFileReference; lastKnownFileType = sourcecode.swift; path = AppDelegate.swift; sourceTree = "<group>"; };
		859C18472BD28F3D00123DEF /* SceneDelegate.swift */ = {isa = PBXFileReference; lastKnownFileType = sourcecode.swift; path = SceneDelegate.swift; sourceTree = "<group>"; };
		859C18492BD28F3D00123DEF /* ViewController.swift */ = {isa = PBXFileReference; lastKnownFileType = sourcecode.swift; path = ViewController.swift; sourceTree = "<group>"; };
		859C184E2BD28F4000123DEF /* Assets.xcassets */ = {isa = PBXFileReference; lastKnownFileType = folder.assetcatalog; path = Assets.xcassets; sourceTree = "<group>"; };
		859C18512BD28F4000123DEF /* Base */ = {isa = PBXFileReference; lastKnownFileType = file.storyboard; name = Base; path = Base.lproj/LaunchScreen.storyboard; sourceTree = "<group>"; };
		859C18532BD28F4000123DEF /* Info.plist */ = {isa = PBXFileReference; lastKnownFileType = text.plist.xml; path = Info.plist; sourceTree = "<group>"; };
		859C18592BD2982500123DEF /* NewsCell.swift */ = {isa = PBXFileReference; lastKnownFileType = sourcecode.swift; path = NewsCell.swift; sourceTree = "<group>"; };
		859C185D2BD29F9500123DEF /* ImediNewsModel.swift */ = {isa = PBXFileReference; lastKnownFileType = sourcecode.swift; path = ImediNewsModel.swift; sourceTree = "<group>"; };
		859C185F2BD29FE300123DEF /* Network.swift */ = {isa = PBXFileReference; lastKnownFileType = sourcecode.swift; path = Network.swift; sourceTree = "<group>"; };
		859C18612BD2C5FE00123DEF /* FiraGO-Regular.ttf */ = {isa = PBXFileReference; lastKnownFileType = file; path = "FiraGO-Regular.ttf"; sourceTree = "<group>"; };
		859C18632BD2C63800123DEF /* SpaceGrotesk-Regular.ttf */ = {isa = PBXFileReference; lastKnownFileType = file; path = "SpaceGrotesk-Regular.ttf"; sourceTree = "<group>"; };
		859C18652BD2CBF300123DEF /* FiraGO-Bold.ttf */ = {isa = PBXFileReference; lastKnownFileType = file; path = "FiraGO-Bold.ttf"; sourceTree = "<group>"; };
		859C186B2BD2D4CD00123DEF /* DetailsViewController.swift */ = {isa = PBXFileReference; lastKnownFileType = sourcecode.swift; path = DetailsViewController.swift; sourceTree = "<group>"; };
/* End PBXFileReference section */

/* Begin PBXFrameworksBuildPhase section */
		859C183F2BD28F3D00123DEF /* Frameworks */ = {
			isa = PBXFrameworksBuildPhase;
			buildActionMask = 2147483647;
			files = (
			);
			runOnlyForDeploymentPostprocessing = 0;
		};
/* End PBXFrameworksBuildPhase section */

/* Begin PBXGroup section */
		859C18392BD28F3D00123DEF = {
			isa = PBXGroup;
			children = (
				859C18442BD28F3D00123DEF /* ვებ სერვისებთან კომუნიკაცია */,
				859C18432BD28F3D00123DEF /* Products */,
			);
			sourceTree = "<group>";
		};
		859C18432BD28F3D00123DEF /* Products */ = {
			isa = PBXGroup;
			children = (
				859C18422BD28F3D00123DEF /* ვებ სერვისებთან კომუნიკაცია.app */,
			);
			name = Products;
			sourceTree = "<group>";
		};
		859C18442BD28F3D00123DEF /* ვებ სერვისებთან კომუნიკაცია */ = {
			isa = PBXGroup;
			children = (
				859C186A2BD2D23D00123DEF /* Resources */,
				859C185C2BD2984000123DEF /* App */,
				859C185B2BD2982F00123DEF /* TableViewCell */,
				859C18692BD2D22200123DEF /* API */,
				859C18492BD28F3D00123DEF /* ViewController.swift */,
				859C186B2BD2D4CD00123DEF /* DetailsViewController.swift */,
				859C184E2BD28F4000123DEF /* Assets.xcassets */,
				859C18502BD28F4000123DEF /* LaunchScreen.storyboard */,
				859C18532BD28F4000123DEF /* Info.plist */,
			);
			path = "ვებ სერვისებთან კომუნიკაცია";
			sourceTree = "<group>";
		};
		859C185B2BD2982F00123DEF /* TableViewCell */ = {
			isa = PBXGroup;
			children = (
				859C18592BD2982500123DEF /* NewsCell.swift */,
			);
			path = TableViewCell;
			sourceTree = "<group>";
		};
		859C185C2BD2984000123DEF /* App */ = {
			isa = PBXGroup;
			children = (
				859C18472BD28F3D00123DEF /* SceneDelegate.swift */,
				859C18452BD28F3D00123DEF /* AppDelegate.swift */,
			);
			path = App;
			sourceTree = "<group>";
		};
		859C18692BD2D22200123DEF /* API */ = {
			isa = PBXGroup;
			children = (
				859C185D2BD29F9500123DEF /* ImediNewsModel.swift */,
				859C185F2BD29FE300123DEF /* Network.swift */,
			);
			path = API;
			sourceTree = "<group>";
		};
		859C186A2BD2D23D00123DEF /* Resources */ = {
			isa = PBXGroup;
			children = (
				859C18612BD2C5FE00123DEF /* FiraGO-Regular.ttf */,
				859C18652BD2CBF300123DEF /* FiraGO-Bold.ttf */,
				859C18632BD2C63800123DEF /* SpaceGrotesk-Regular.ttf */,
			);
			path = Resources;
			sourceTree = "<group>";
		};
/* End PBXGroup section */

/* Begin PBXNativeTarget section */
		859C18412BD28F3D00123DEF /* ვებ სერვისებთან კომუნიკაცია */ = {
			isa = PBXNativeTarget;
			buildConfigurationList = 859C18562BD28F4000123DEF /* Build configuration list for PBXNativeTarget "ვებ სერვისებთან კომუნიკაცია" */;
			buildPhases = (
				859C183E2BD28F3D00123DEF /* Sources */,
				859C183F2BD28F3D00123DEF /* Frameworks */,
				859C18402BD28F3D00123DEF /* Resources */,
			);
			buildRules = (
			);
			dependencies = (
			);
			name = "ვებ სერვისებთან კომუნიკაცია";
			productName = "ვებ სერვისებთან კომუნიკაცია";
			productReference = 859C18422BD28F3D00123DEF /* ვებ სერვისებთან კომუნიკაცია.app */;
			productType = "com.apple.product-type.application";
		};
/* End PBXNativeTarget section */

/* Begin PBXProject section */
		859C183A2BD28F3D00123DEF /* Project object */ = {
			isa = PBXProject;
			attributes = {
				BuildIndependentTargetsInParallel = 1;
				LastSwiftUpdateCheck = 1530;
				LastUpgradeCheck = 1530;
				TargetAttributes = {
					859C18412BD28F3D00123DEF = {
						CreatedOnToolsVersion = 15.3;
					};
				};
			};
			buildConfigurationList = 859C183D2BD28F3D00123DEF /* Build configuration list for PBXProject "ვებ სერვისებთან კომუნიკაცია" */;
			compatibilityVersion = "Xcode 14.0";
			developmentRegion = en;
			hasScannedForEncodings = 0;
			knownRegions = (
				en,
				Base,
			);
			mainGroup = 859C18392BD28F3D00123DEF;
			productRefGroup = 859C18432BD28F3D00123DEF /* Products */;
			projectDirPath = "";
			projectRoot = "";
			targets = (
				859C18412BD28F3D00123DEF /* ვებ სერვისებთან კომუნიკაცია */,
			);
		};
/* End PBXProject section */

/* Begin PBXResourcesBuildPhase section */
		859C18402BD28F3D00123DEF /* Resources */ = {
			isa = PBXResourcesBuildPhase;
			buildActionMask = 2147483647;
			files = (
				859C184F2BD28F4000123DEF /* Assets.xcassets in Resources */,
				859C18662BD2CBF300123DEF /* FiraGO-Bold.ttf in Resources */,
				859C18522BD28F4000123DEF /* Base in Resources */,
				859C18642BD2C63800123DEF /* SpaceGrotesk-Regular.ttf in Resources */,
				859C18622BD2C5FF00123DEF /* FiraGO-Regular.ttf in Resources */,
			);
			runOnlyForDeploymentPostprocessing = 0;
		};
/* End PBXResourcesBuildPhase section */

/* Begin PBXSourcesBuildPhase section */
		859C183E2BD28F3D00123DEF /* Sources */ = {
			isa = PBXSourcesBuildPhase;
			buildActionMask = 2147483647;
			files = (
				859C184A2BD28F3D00123DEF /* ViewController.swift in Sources */,
				859C18462BD28F3D00123DEF /* AppDelegate.swift in Sources */,
				859C18602BD29FE300123DEF /* Network.swift in Sources */,
				859C185A2BD2982500123DEF /* NewsCell.swift in Sources */,
				859C186C2BD2D4CD00123DEF /* DetailsViewController.swift in Sources */,
				859C185E2BD29F9500123DEF /* ImediNewsModel.swift in Sources */,
				859C18482BD28F3D00123DEF /* SceneDelegate.swift in Sources */,
			);
			runOnlyForDeploymentPostprocessing = 0;
		};
/* End PBXSourcesBuildPhase section */

/* Begin PBXVariantGroup section */
		859C18502BD28F4000123DEF /* LaunchScreen.storyboard */ = {
			isa = PBXVariantGroup;
			children = (
				859C18512BD28F4000123DEF /* Base */,
			);
			name = LaunchScreen.storyboard;
			sourceTree = "<group>";
		};
/* End PBXVariantGroup section */

/* Begin XCBuildConfiguration section */
		859C18542BD28F4000123DEF /* Debug */ = {
			isa = XCBuildConfiguration;
			buildSettings = {
				ALWAYS_SEARCH_USER_PATHS = NO;
				ASSETCATALOG_COMPILER_GENERATE_SWIFT_ASSET_SYMBOL_EXTENSIONS = YES;
				CLANG_ANALYZER_NONNULL = YES;
				CLANG_ANALYZER_NUMBER_OBJECT_CONVERSION = YES_AGGRESSIVE;
				CLANG_CXX_LANGUAGE_STANDARD = "gnu++20";
				CLANG_ENABLE_MODULES = YES;
				CLANG_ENABLE_OBJC_ARC = YES;
				CLANG_ENABLE_OBJC_WEAK = YES;
				CLANG_WARN_BLOCK_CAPTURE_AUTORELEASING = YES;
				CLANG_WARN_BOOL_CONVERSION = YES;
				CLANG_WARN_COMMA = YES;
				CLANG_WARN_CONSTANT_CONVERSION = YES;
				CLANG_WARN_DEPRECATED_OBJC_IMPLEMENTATIONS = YES;
				CLANG_WARN_DIRECT_OBJC_ISA_USAGE = YES_ERROR;
				CLANG_WARN_DOCUMENTATION_COMMENTS = YES;
				CLANG_WARN_EMPTY_BODY = YES;
				CLANG_WARN_ENUM_CONVERSION = YES;
				CLANG_WARN_INFINITE_RECURSION = YES;
				CLANG_WARN_INT_CONVERSION = YES;
				CLANG_WARN_NON_LITERAL_NULL_CONVERSION = YES;
				CLANG_WARN_OBJC_IMPLICIT_RETAIN_SELF = YES;
				CLANG_WARN_OBJC_LITERAL_CONVERSION = YES;
				CLANG_WARN_OBJC_ROOT_CLASS = YES_ERROR;
				CLANG_WARN_QUOTED_INCLUDE_IN_FRAMEWORK_HEADER = YES;
				CLANG_WARN_RANGE_LOOP_ANALYSIS = YES;
				CLANG_WARN_STRICT_PROTOTYPES = YES;
				CLANG_WARN_SUSPICIOUS_MOVE = YES;
				CLANG_WARN_UNGUARDED_AVAILABILITY = YES_AGGRESSIVE;
				CLANG_WARN_UNREACHABLE_CODE = YES;
				CLANG_WARN__DUPLICATE_METHOD_MATCH = YES;
				COPY_PHASE_STRIP = NO;
				DEBUG_INFORMATION_FORMAT = dwarf;
				ENABLE_STRICT_OBJC_MSGSEND = YES;
				ENABLE_TESTABILITY = YES;
				ENABLE_USER_SCRIPT_SANDBOXING = YES;
				GCC_C_LANGUAGE_STANDARD = gnu17;
				GCC_DYNAMIC_NO_PIC = NO;
				GCC_NO_COMMON_BLOCKS = YES;
				GCC_OPTIMIZATION_LEVEL = 0;
				GCC_PREPROCESSOR_DEFINITIONS = (
					"DEBUG=1",
					"$(inherited)",
				);
				GCC_WARN_64_TO_32_BIT_CONVERSION = YES;
				GCC_WARN_ABOUT_RETURN_TYPE = YES_ERROR;
				GCC_WARN_UNDECLARED_SELECTOR = YES;
				GCC_WARN_UNINITIALIZED_AUTOS = YES_AGGRESSIVE;
				GCC_WARN_UNUSED_FUNCTION = YES;
				GCC_WARN_UNUSED_VARIABLE = YES;
				IPHONEOS_DEPLOYMENT_TARGET = 17.4;
				LOCALIZATION_PREFERS_STRING_CATALOGS = YES;
				MTL_ENABLE_DEBUG_INFO = INCLUDE_SOURCE;
				MTL_FAST_MATH = YES;
				ONLY_ACTIVE_ARCH = YES;
				SDKROOT = iphoneos;
				SWIFT_ACTIVE_COMPILATION_CONDITIONS = "DEBUG $(inherited)";
				SWIFT_OPTIMIZATION_LEVEL = "-Onone";
			};
			name = Debug;
		};
		859C18552BD28F4000123DEF /* Release */ = {
			isa = XCBuildConfiguration;
			buildSettings = {
				ALWAYS_SEARCH_USER_PATHS = NO;
				ASSETCATALOG_COMPILER_GENERATE_SWIFT_ASSET_SYMBOL_EXTENSIONS = YES;
				CLANG_ANALYZER_NONNULL = YES;
				CLANG_ANALYZER_NUMBER_OBJECT_CONVERSION = YES_AGGRESSIVE;
				CLANG_CXX_LANGUAGE_STANDARD = "gnu++20";
				CLANG_ENABLE_MODULES = YES;
				CLANG_ENABLE_OBJC_ARC = YES;
				CLANG_ENABLE_OBJC_WEAK = YES;
				CLANG_WARN_BLOCK_CAPTURE_AUTORELEASING = YES;
				CLANG_WARN_BOOL_CONVERSION = YES;
				CLANG_WARN_COMMA = YES;
				CLANG_WARN_CONSTANT_CONVERSION = YES;
				CLANG_WARN_DEPRECATED_OBJC_IMPLEMENTATIONS = YES;
				CLANG_WARN_DIRECT_OBJC_ISA_USAGE = YES_ERROR;
				CLANG_WARN_DOCUMENTATION_COMMENTS = YES;
				CLANG_WARN_EMPTY_BODY = YES;
				CLANG_WARN_ENUM_CONVERSION = YES;
				CLANG_WARN_INFINITE_RECURSION = YES;
				CLANG_WARN_INT_CONVERSION = YES;
				CLANG_WARN_NON_LITERAL_NULL_CONVERSION = YES;
				CLANG_WARN_OBJC_IMPLICIT_RETAIN_SELF = YES;
				CLANG_WARN_OBJC_LITERAL_CONVERSION = YES;
				CLANG_WARN_OBJC_ROOT_CLASS = YES_ERROR;
				CLANG_WARN_QUOTED_INCLUDE_IN_FRAMEWORK_HEADER = YES;
				CLANG_WARN_RANGE_LOOP_ANALYSIS = YES;
				CLANG_WARN_STRICT_PROTOTYPES = YES;
				CLANG_WARN_SUSPICIOUS_MOVE = YES;
				CLANG_WARN_UNGUARDED_AVAILABILITY = YES_AGGRESSIVE;
				CLANG_WARN_UNREACHABLE_CODE = YES;
				CLANG_WARN__DUPLICATE_METHOD_MATCH = YES;
				COPY_PHASE_STRIP = NO;
				DEBUG_INFORMATION_FORMAT = "dwarf-with-dsym";
				ENABLE_NS_ASSERTIONS = NO;
				ENABLE_STRICT_OBJC_MSGSEND = YES;
				ENABLE_USER_SCRIPT_SANDBOXING = YES;
				GCC_C_LANGUAGE_STANDARD = gnu17;
				GCC_NO_COMMON_BLOCKS = YES;
				GCC_WARN_64_TO_32_BIT_CONVERSION = YES;
				GCC_WARN_ABOUT_RETURN_TYPE = YES_ERROR;
				GCC_WARN_UNDECLARED_SELECTOR = YES;
				GCC_WARN_UNINITIALIZED_AUTOS = YES_AGGRESSIVE;
				GCC_WARN_UNUSED_FUNCTION = YES;
				GCC_WARN_UNUSED_VARIABLE = YES;
				IPHONEOS_DEPLOYMENT_TARGET = 17.4;
				LOCALIZATION_PREFERS_STRING_CATALOGS = YES;
				MTL_ENABLE_DEBUG_INFO = NO;
				MTL_FAST_MATH = YES;
				SDKROOT = iphoneos;
				SWIFT_COMPILATION_MODE = wholemodule;
				VALIDATE_PRODUCT = YES;
			};
			name = Release;
		};
		859C18572BD28F4000123DEF /* Debug */ = {
			isa = XCBuildConfiguration;
			buildSettings = {
				ASSETCATALOG_COMPILER_APPICON_NAME = AppIcon;
				ASSETCATALOG_COMPILER_GLOBAL_ACCENT_COLOR_NAME = AccentColor;
				CODE_SIGN_STYLE = Automatic;
				CURRENT_PROJECT_VERSION = 1;
				DEVELOPMENT_TEAM = 9S26B8AV5C;
				GENERATE_INFOPLIST_FILE = YES;
				INFOPLIST_FILE = "ვებ სერვისებთან კომუნიკაცია/Info.plist";
				INFOPLIST_KEY_UIApplicationSupportsIndirectInputEvents = YES;
				INFOPLIST_KEY_UILaunchStoryboardName = LaunchScreen;
				INFOPLIST_KEY_UISupportedInterfaceOrientations = UIInterfaceOrientationPortrait;
				INFOPLIST_KEY_UISupportedInterfaceOrientations_iPad = "UIInterfaceOrientationLandscapeLeft UIInterfaceOrientationLandscapeRight UIInterfaceOrientationPortrait UIInterfaceOrientationPortraitUpsideDown";
				LD_RUNPATH_SEARCH_PATHS = (
					"$(inherited)",
					"@executable_path/Frameworks",
				);
				MARKETING_VERSION = 1.0;
				PRODUCT_BUNDLE_IDENTIFIER = "com.yvelazeMagariKompania.ge.---------------------------";
				PRODUCT_NAME = "$(TARGET_NAME)";
				SWIFT_EMIT_LOC_STRINGS = YES;
				SWIFT_VERSION = 5.0;
				TARGETED_DEVICE_FAMILY = "1,2";
			};
			name = Debug;
		};
		859C18582BD28F4000123DEF /* Release */ = {
			isa = XCBuildConfiguration;
			buildSettings = {
				ASSETCATALOG_COMPILER_APPICON_NAME = AppIcon;
				ASSETCATALOG_COMPILER_GLOBAL_ACCENT_COLOR_NAME = AccentColor;
				CODE_SIGN_STYLE = Automatic;
				CURRENT_PROJECT_VERSION = 1;
				DEVELOPMENT_TEAM = 9S26B8AV5C;
				GENERATE_INFOPLIST_FILE = YES;
				INFOPLIST_FILE = "ვებ სერვისებთან კომუნიკაცია/Info.plist";
				INFOPLIST_KEY_UIApplicationSupportsIndirectInputEvents = YES;
				INFOPLIST_KEY_UILaunchStoryboardName = LaunchScreen;
				INFOPLIST_KEY_UISupportedInterfaceOrientations = UIInterfaceOrientationPortrait;
				INFOPLIST_KEY_UISupportedInterfaceOrientations_iPad = "UIInterfaceOrientationLandscapeLeft UIInterfaceOrientationLandscapeRight UIInterfaceOrientationPortrait UIInterfaceOrientationPortraitUpsideDown";
				LD_RUNPATH_SEARCH_PATHS = (
					"$(inherited)",
					"@executable_path/Frameworks",
				);
				MARKETING_VERSION = 1.0;
				PRODUCT_BUNDLE_IDENTIFIER = "com.yvelazeMagariKompania.ge.---------------------------";
				PRODUCT_NAME = "$(TARGET_NAME)";
				SWIFT_EMIT_LOC_STRINGS = YES;
				SWIFT_VERSION = 5.0;
				TARGETED_DEVICE_FAMILY = "1,2";
			};
			name = Release;
		};
/* End XCBuildConfiguration section */

/* Begin XCConfigurationList section */
		859C183D2BD28F3D00123DEF /* Build configuration list for PBXProject "ვებ სერვისებთან კომუნიკაცია" */ = {
			isa = XCConfigurationList;
			buildConfigurations = (
				859C18542BD28F4000123DEF /* Debug */,
				859C18552BD28F4000123DEF /* Release */,
			);
			defaultConfigurationIsVisible = 0;
			defaultConfigurationName = Release;
		};
		859C18562BD28F4000123DEF /* Build configuration list for PBXNativeTarget "ვებ სერვისებთან კომუნიკაცია" */ = {
			isa = XCConfigurationList;
			buildConfigurations = (
				859C18572BD28F4000123DEF /* Debug */,
				859C18582BD28F4000123DEF /* Release */,
			);
			defaultConfigurationIsVisible = 0;
			defaultConfigurationName = Release;
		};
/* End XCConfigurationList section */
	};
	rootObject = 859C183A2BD28F3D00123DEF /* Project object */;
}
